
Microsoft Visual Studio Solution File, Format Version 12.00
# Visual Studio Version 17
VisualStudioVersion = 17.0.31903.59
MinimumVisualStudioVersion = 10.0.40219.1
Project("{2150E333-8FDC-42A3-9474-1A3956D46DE8}") = "services", "services", "{5854FF58-B8C5-05C6-5BF2-ACE42193F22B}"
EndProject
Project("{2150E333-8FDC-42A3-9474-1A3956D46DE8}") = "AuthService", "AuthService", "{378295AF-C144-6721-7CFF-8DE6E58ED8C7}"
EndProject
Project("{FAE04EC0-301F-11D3-BF4B-00C04F79EFBC}") = "AuthService.Domain", "services\AuthService\AuthService.Domain\AuthService.Domain.csproj", "{EF4AB26D-91AB-47E5-B43B-DC6FD23B0912}"
EndProject
Project("{FAE04EC0-301F-11D3-BF4B-00C04F79EFBC}") = "AuthService.Application", "services\AuthService\AuthService.Application\AuthService.Application.csproj", "{8062C0ED-1D59-45CB-BC6B-773F0B2B0DCC}"
EndProject
Project("{FAE04EC0-301F-11D3-BF4B-00C04F79EFBC}") = "AuthService.Infrastructure", "services\AuthService\AuthService.Infrastructure\AuthService.Infrastructure.csproj", "{AE773958-DA12-4715-8CF8-33FC717E1EE5}"
EndProject
Project("{FAE04EC0-301F-11D3-BF4B-00C04F79EFBC}") = "AuthService.Api", "services\AuthService\AuthService.Api\AuthService.Api.csproj", "{63CBA00E-947F-4995-A183-96FC339A55B3}"
EndProject
Project("{FAE04EC0-301F-11D3-BF4B-00C04F79EFBC}") = "AuthService.Tests", "services\AuthService\AuthService.Tests\AuthService.Tests.csproj", "{313018D2-E0B1-49AA-B5A0-9DB9E1240C98}"
EndProject
Project("{2150E333-8FDC-42A3-9474-1A3956D46DE8}") = "UserService", "UserService", "{BB9B0570-D764-F740-A1C1-3444BA1D5022}"
EndProject
Project("{FAE04EC0-301F-11D3-BF4B-00C04F79EFBC}") = "UserService.Domain", "services\UserService\UserService.Domain\UserService.Domain.csproj", "{1B422F8A-BC11-459D-A41B-06EF30DC3C3B}"
EndProject
Project("{FAE04EC0-301F-11D3-BF4B-00C04F79EFBC}") = "UserService.Infrastructure", "services\UserService\UserService.Infrastructure\UserService.Infrastructure.csproj", "{C49490A9-2A36-4AAA-9EB9-DE37AEF20904}"
EndProject
Project("{FAE04EC0-301F-11D3-BF4B-00C04F79EFBC}") = "UserService.Api", "services\UserService\UserService.Api\UserService.Api.csproj", "{C36D07B1-DBBB-4FB3-A4AD-7B333772DC96}"
EndProject
Project("{FAE04EC0-301F-11D3-BF4B-00C04F79EFBC}") = "UserService.Tests", "services\UserService\UserService.Tests\UserService.Tests.csproj", "{71A33F1D-EBF7-4A6E-A75D-FF32E6B69FD4}"
EndProject
Project("{2150E333-8FDC-42A3-9474-1A3956D46DE8}") = "RoleService", "RoleService", "{60F3A24C-1964-9E22-FBE5-30472BDC8BB4}"
EndProject
Project("{FAE04EC0-301F-11D3-BF4B-00C04F79EFBC}") = "RoleService.Domain", "services\RoleService\RoleService.Domain\RoleService.Domain.csproj", "{ECB3D5A9-953E-448C-87B4-ACA706B2C3E5}"
EndProject
Project("{FAE04EC0-301F-11D3-BF4B-00C04F79EFBC}") = "RoleService.Application", "services\RoleService\RoleService.Application\RoleService.Application.csproj", "{89ED83DD-C10B-4A3E-951C-C2678064558C}"
EndProject
Project("{FAE04EC0-301F-11D3-BF4B-00C04F79EFBC}") = "RoleService.Infrastructure", "services\RoleService\RoleService.Infrastructure\RoleService.Infrastructure.csproj", "{207B86CE-2FB0-4BD8-B938-D20561FCCD41}"
EndProject
Project("{FAE04EC0-301F-11D3-BF4B-00C04F79EFBC}") = "RoleService.Api", "services\RoleService\RoleService.Api\RoleService.Api.csproj", "{D2447B2D-6F52-4CAA-9AF9-2B76135C284D}"
EndProject
Project("{2150E333-8FDC-42A3-9474-1A3956D46DE8}") = "AuditService", "AuditService", "{5C37E109-0B4B-E59A-55D0-27859AFCD454}"
EndProject
Project("{FAE04EC0-301F-11D3-BF4B-00C04F79EFBC}") = "AuditService.Domain", "services\AuditService\AuditService.Domain\AuditService.Domain.csproj", "{78B0FB7E-7E49-44FC-B446-82856082508F}"
EndProject
Project("{FAE04EC0-301F-11D3-BF4B-00C04F79EFBC}") = "AuditService.Application", "services\AuditService\AuditService.Application\AuditService.Application.csproj", "{94819AA3-321F-485F-B506-9915A05B5C95}"
EndProject
Project("{FAE04EC0-301F-11D3-BF4B-00C04F79EFBC}") = "AuditService.Infrastructure", "services\AuditService\AuditService.Infrastructure\AuditService.Infrastructure.csproj", "{0B1B77C2-D08B-4E27-B21E-6DD375F1FE91}"
EndProject
Project("{FAE04EC0-301F-11D3-BF4B-00C04F79EFBC}") = "AuditService.Api", "services\AuditService\AuditService.Api\AuditService.Api.csproj", "{79C814C6-DEA6-4D59-8770-A6262F1DBC19}"
EndProject
Project("{FAE04EC0-301F-11D3-BF4B-00C04F79EFBC}") = "AuditService.Tests", "services\AuditService\AuditService.Tests\AuditService.Tests.csproj", "{224C5331-3B4F-432C-B6A7-FFEB1DD33C03}"
EndProject
Project("{2150E333-8FDC-42A3-9474-1A3956D46DE8}") = "AiAgentService", "AiAgentService", "{86463D81-A3EF-7F81-4F12-09EB405CE9B8}"
EndProject
Project("{FAE04EC0-301F-11D3-BF4B-00C04F79EFBC}") = "AiAgentService.Domain", "services\AiAgentService\AiAgentService.Domain\AiAgentService.Domain.csproj", "{7A653CD1-B207-4072-9BEF-DDD6C96F80B7}"
EndProject
Project("{FAE04EC0-301F-11D3-BF4B-00C04F79EFBC}") = "AiAgentService.Application", "services\AiAgentService\AiAgentService.Application\AiAgentService.Application.csproj", "{771F1CBA-4DC9-4FE6-A46E-5747C6187F08}"
EndProject
Project("{FAE04EC0-301F-11D3-BF4B-00C04F79EFBC}") = "AiAgentService.Api", "services\AiAgentService\AiAgentService.Api\AiAgentService.Api.csproj", "{FD07284B-62EC-4331-BE91-CB6E43245D47}"
EndProject
Project("{2150E333-8FDC-42A3-9474-1A3956D46DE8}") = "shared", "shared", "{4F52FD11-658E-A102-6CD3-7D7C16FFA15B}"
EndProject
Project("{FAE04EC0-301F-11D3-BF4B-00C04F79EFBC}") = "Toka.Shared", "shared\Toka.Shared\Toka.Shared.csproj", "{EAA52E26-96B4-4E5A-A6BF-A801EF2410EF}"
EndProject
Project("{2150E333-8FDC-42A3-9474-1A3956D46DE8}") = "gateway", "gateway", "{E7BDDBC6-9FD1-D1D7-ACD8-2C4F8E3D2461}"
EndProject
Project("{FAE04EC0-301F-11D3-BF4B-00C04F79EFBC}") = "Gateway.Api", "gateway\Gateway.Api\Gateway.Api.csproj", "{4616B616-C29C-4E07-92B2-981B5D315D7C}"
EndProject
Project("{FAE04EC0-301F-11D3-BF4B-00C04F79EFBC}") = "RoleService.Tests", "services\RoleService\RoleService.Tests\RoleService.Tests.csproj", "{0ED3B1AA-A888-4832-AC6D-576890AAFFF2}"
EndProject
Project("{FAE04EC0-301F-11D3-BF4B-00C04F79EFBC}") = "AiAgentService.Tests", "services\AiAgentService\AiAgentService.Tests\AiAgentService.Tests.csproj", "{E1ECE1E3-52BB-48CC-BA8B-6C3B8EB77810}"
EndProject
Project("{FAE04EC0-301F-11D3-BF4B-00C04F79EFBC}") = "AiAgentService.Infrastructure", "services\AiAgentService\AiAgentService.Infrastructure\AiAgentService.Infrastructure.csproj", "{1404F6A1-AA6D-4543-93E9-5FBFB3DF15EF}"
EndProject
Global
	GlobalSection(SolutionConfigurationPlatforms) = preSolution
		Debug|Any CPU = Debug|Any CPU
		Debug|x64 = Debug|x64
		Debug|x86 = Debug|x86
		Release|Any CPU = Release|Any CPU
		Release|x64 = Release|x64
		Release|x86 = Release|x86
	EndGlobalSection
	GlobalSection(ProjectConfigurationPlatforms) = postSolution
		{EF4AB26D-91AB-47E5-B43B-DC6FD23B0912}.Debug|Any CPU.ActiveCfg = Debug|Any CPU
		{EF4AB26D-91AB-47E5-B43B-DC6FD23B0912}.Debug|Any CPU.Build.0 = Debug|Any CPU
		{EF4AB26D-91AB-47E5-B43B-DC6FD23B0912}.Debug|x64.ActiveCfg = Debug|Any CPU
		{EF4AB26D-91AB-47E5-B43B-DC6FD23B0912}.Debug|x64.Build.0 = Debug|Any CPU
		{EF4AB26D-91AB-47E5-B43B-DC6FD23B0912}.Debug|x86.ActiveCfg = Debug|Any CPU
		{EF4AB26D-91AB-47E5-B43B-DC6FD23B0912}.Debug|x86.Build.0 = Debug|Any CPU
		{EF4AB26D-91AB-47E5-B43B-DC6FD23B0912}.Release|Any CPU.ActiveCfg = Release|Any CPU
		{EF4AB26D-91AB-47E5-B43B-DC6FD23B0912}.Release|Any CPU.Build.0 = Release|Any CPU
		{EF4AB26D-91AB-47E5-B43B-DC6FD23B0912}.Release|x64.ActiveCfg = Release|Any CPU
		{EF4AB26D-91AB-47E5-B43B-DC6FD23B0912}.Release|x64.Build.0 = Release|Any CPU
		{EF4AB26D-91AB-47E5-B43B-DC6FD23B0912}.Release|x86.ActiveCfg = Release|Any CPU
		{EF4AB26D-91AB-47E5-B43B-DC6FD23B0912}.Release|x86.Build.0 = Release|Any CPU
		{8062C0ED-1D59-45CB-BC6B-773F0B2B0DCC}.Debug|Any CPU.ActiveCfg = Debug|Any CPU
		{8062C0ED-1D59-45CB-BC6B-773F0B2B0DCC}.Debug|Any CPU.Build.0 = Debug|Any CPU
		{8062C0ED-1D59-45CB-BC6B-773F0B2B0DCC}.Debug|x64.ActiveCfg = Debug|Any CPU
		{8062C0ED-1D59-45CB-BC6B-773F0B2B0DCC}.Debug|x64.Build.0 = Debug|Any CPU
		{8062C0ED-1D59-45CB-BC6B-773F0B2B0DCC}.Debug|x86.ActiveCfg = Debug|Any CPU
		{8062C0ED-1D59-45CB-BC6B-773F0B2B0DCC}.Debug|x86.Build.0 = Debug|Any CPU
		{8062C0ED-1D59-45CB-BC6B-773F0B2B0DCC}.Release|Any CPU.ActiveCfg = Release|Any CPU
		{8062C0ED-1D59-45CB-BC6B-773F0B2B0DCC}.Release|Any CPU.Build.0 = Release|Any CPU
		{8062C0ED-1D59-45CB-BC6B-773F0B2B0DCC}.Release|x64.ActiveCfg = Release|Any CPU
		{8062C0ED-1D59-45CB-BC6B-773F0B2B0DCC}.Release|x64.Build.0 = Release|Any CPU
		{8062C0ED-1D59-45CB-BC6B-773F0B2B0DCC}.Release|x86.ActiveCfg = Release|Any CPU
		{8062C0ED-1D59-45CB-BC6B-773F0B2B0DCC}.Release|x86.Build.0 = Release|Any CPU
		{AE773958-DA12-4715-8CF8-33FC717E1EE5}.Debug|Any CPU.ActiveCfg = Debug|Any CPU
		{AE773958-DA12-4715-8CF8-33FC717E1EE5}.Debug|Any CPU.Build.0 = Debug|Any CPU
		{AE773958-DA12-4715-8CF8-33FC717E1EE5}.Debug|x64.ActiveCfg = Debug|Any CPU
		{AE773958-DA12-4715-8CF8-33FC717E1EE5}.Debug|x64.Build.0 = Debug|Any CPU
		{AE773958-DA12-4715-8CF8-33FC717E1EE5}.Debug|x86.ActiveCfg = Debug|Any CPU
		{AE773958-DA12-4715-8CF8-33FC717E1EE5}.Debug|x86.Build.0 = Debug|Any CPU
		{AE773958-DA12-4715-8CF8-33FC717E1EE5}.Release|Any CPU.ActiveCfg = Release|Any CPU
		{AE773958-DA12-4715-8CF8-33FC717E1EE5}.Release|Any CPU.Build.0 = Release|Any CPU
		{AE773958-DA12-4715-8CF8-33FC717E1EE5}.Release|x64.ActiveCfg = Release|Any CPU
		{AE773958-DA12-4715-8CF8-33FC717E1EE5}.Release|x64.Build.0 = Release|Any CPU
		{AE773958-DA12-4715-8CF8-33FC717E1EE5}.Release|x86.ActiveCfg = Release|Any CPU
		{AE773958-DA12-4715-8CF8-33FC717E1EE5}.Release|x86.Build.0 = Release|Any CPU
		{63CBA00E-947F-4995-A183-96FC339A55B3}.Debug|Any CPU.ActiveCfg = Debug|Any CPU
		{63CBA00E-947F-4995-A183-96FC339A55B3}.Debug|Any CPU.Build.0 = Debug|Any CPU
		{63CBA00E-947F-4995-A183-96FC339A55B3}.Debug|x64.ActiveCfg = Debug|Any CPU
		{63CBA00E-947F-4995-A183-96FC339A55B3}.Debug|x64.Build.0 = Debug|Any CPU
		{63CBA00E-947F-4995-A183-96FC339A55B3}.Debug|x86.ActiveCfg = Debug|Any CPU
		{63CBA00E-947F-4995-A183-96FC339A55B3}.Debug|x86.Build.0 = Debug|Any CPU
		{63CBA00E-947F-4995-A183-96FC339A55B3}.Release|Any CPU.ActiveCfg = Release|Any CPU
		{63CBA00E-947F-4995-A183-96FC339A55B3}.Release|Any CPU.Build.0 = Release|Any CPU
		{63CBA00E-947F-4995-A183-96FC339A55B3}.Release|x64.ActiveCfg = Release|Any CPU
		{63CBA00E-947F-4995-A183-96FC339A55B3}.Release|x64.Build.0 = Release|Any CPU
		{63CBA00E-947F-4995-A183-96FC339A55B3}.Release|x86.ActiveCfg = Release|Any CPU
		{63CBA00E-947F-4995-A183-96FC339A55B3}.Release|x86.Build.0 = Release|Any CPU
		{313018D2-E0B1-49AA-B5A0-9DB9E1240C98}.Debug|Any CPU.ActiveCfg = Debug|Any CPU
		{313018D2-E0B1-49AA-B5A0-9DB9E1240C98}.Debug|Any CPU.Build.0 = Debug|Any CPU
		{313018D2-E0B1-49AA-B5A0-9DB9E1240C98}.Debug|x64.ActiveCfg = Debug|Any CPU
		{313018D2-E0B1-49AA-B5A0-9DB9E1240C98}.Debug|x64.Build.0 = Debug|Any CPU
		{313018D2-E0B1-49AA-B5A0-9DB9E1240C98}.Debug|x86.ActiveCfg = Debug|Any CPU
		{313018D2-E0B1-49AA-B5A0-9DB9E1240C98}.Debug|x86.Build.0 = Debug|Any CPU
		{313018D2-E0B1-49AA-B5A0-9DB9E1240C98}.Release|Any CPU.ActiveCfg = Release|Any CPU
		{313018D2-E0B1-49AA-B5A0-9DB9E1240C98}.Release|Any CPU.Build.0 = Release|Any CPU
		{313018D2-E0B1-49AA-B5A0-9DB9E1240C98}.Release|x64.ActiveCfg = Release|Any CPU
		{313018D2-E0B1-49AA-B5A0-9DB9E1240C98}.Release|x64.Build.0 = Release|Any CPU
		{313018D2-E0B1-49AA-B5A0-9DB9E1240C98}.Release|x86.ActiveCfg = Release|Any CPU
		{313018D2-E0B1-49AA-B5A0-9DB9E1240C98}.Release|x86.Build.0 = Release|Any CPU
		{1B422F8A-BC11-459D-A41B-06EF30DC3C3B}.Debug|Any CPU.ActiveCfg = Debug|Any CPU
		{1B422F8A-BC11-459D-A41B-06EF30DC3C3B}.Debug|Any CPU.Build.0 = Debug|Any CPU
		{1B422F8A-BC11-459D-A41B-06EF30DC3C3B}.Debug|x64.ActiveCfg = Debug|Any CPU
		{1B422F8A-BC11-459D-A41B-06EF30DC3C3B}.Debug|x64.Build.0 = Debug|Any CPU
		{1B422F8A-BC11-459D-A41B-06EF30DC3C3B}.Debug|x86.ActiveCfg = Debug|Any CPU
		{1B422F8A-BC11-459D-A41B-06EF30DC3C3B}.Debug|x86.Build.0 = Debug|Any CPU
		{1B422F8A-BC11-459D-A41B-06EF30DC3C3B}.Release|Any CPU.ActiveCfg = Release|Any CPU
		{1B422F8A-BC11-459D-A41B-06EF30DC3C3B}.Release|Any CPU.Build.0 = Release|Any CPU
		{1B422F8A-BC11-459D-A41B-06EF30DC3C3B}.Release|x64.ActiveCfg = Release|Any CPU
		{1B422F8A-BC11-459D-A41B-06EF30DC3C3B}.Release|x64.Build.0 = Release|Any CPU
		{1B422F8A-BC11-459D-A41B-06EF30DC3C3B}.Release|x86.ActiveCfg = Release|Any CPU
		{1B422F8A-BC11-459D-A41B-06EF30DC3C3B}.Release|x86.Build.0 = Release|Any CPU
		{C49490A9-2A36-4AAA-9EB9-DE37AEF20904}.Debug|Any CPU.ActiveCfg = Debug|Any CPU
		{C49490A9-2A36-4AAA-9EB9-DE37AEF20904}.Debug|Any CPU.Build.0 = Debug|Any CPU
		{C49490A9-2A36-4AAA-9EB9-DE37AEF20904}.Debug|x64.ActiveCfg = Debug|Any CPU
		{C49490A9-2A36-4AAA-9EB9-DE37AEF20904}.Debug|x64.Build.0 = Debug|Any CPU
		{C49490A9-2A36-4AAA-9EB9-DE37AEF20904}.Debug|x86.ActiveCfg = Debug|Any CPU
		{C49490A9-2A36-4AAA-9EB9-DE37AEF20904}.Debug|x86.Build.0 = Debug|Any CPU
		{C49490A9-2A36-4AAA-9EB9-DE37AEF20904}.Release|Any CPU.ActiveCfg = Release|Any CPU
		{C49490A9-2A36-4AAA-9EB9-DE37AEF20904}.Release|Any CPU.Build.0 = Release|Any CPU
		{C49490A9-2A36-4AAA-9EB9-DE37AEF20904}.Release|x64.ActiveCfg = Release|Any CPU
		{C49490A9-2A36-4AAA-9EB9-DE37AEF20904}.Release|x64.Build.0 = Release|Any CPU
		{C49490A9-2A36-4AAA-9EB9-DE37AEF20904}.Release|x86.ActiveCfg = Release|Any CPU
		{C49490A9-2A36-4AAA-9EB9-DE37AEF20904}.Release|x86.Build.0 = Release|Any CPU
		{C36D07B1-DBBB-4FB3-A4AD-7B333772DC96}.Debug|Any CPU.ActiveCfg = Debug|Any CPU
		{C36D07B1-DBBB-4FB3-A4AD-7B333772DC96}.Debug|Any CPU.Build.0 = Debug|Any CPU
		{C36D07B1-DBBB-4FB3-A4AD-7B333772DC96}.Debug|x64.ActiveCfg = Debug|Any CPU
		{C36D07B1-DBBB-4FB3-A4AD-7B333772DC96}.Debug|x64.Build.0 = Debug|Any CPU
		{C36D07B1-DBBB-4FB3-A4AD-7B333772DC96}.Debug|x86.ActiveCfg = Debug|Any CPU
		{C36D07B1-DBBB-4FB3-A4AD-7B333772DC96}.Debug|x86.Build.0 = Debug|Any CPU
		{C36D07B1-DBBB-4FB3-A4AD-7B333772DC96}.Release|Any CPU.ActiveCfg = Release|Any CPU
		{C36D07B1-DBBB-4FB3-A4AD-7B333772DC96}.Release|Any CPU.Build.0 = Release|Any CPU
		{C36D07B1-DBBB-4FB3-A4AD-7B333772DC96}.Release|x64.ActiveCfg = Release|Any CPU
		{C36D07B1-DBBB-4FB3-A4AD-7B333772DC96}.Release|x64.Build.0 = Release|Any CPU
		{C36D07B1-DBBB-4FB3-A4AD-7B333772DC96}.Release|x86.ActiveCfg = Release|Any CPU
		{C36D07B1-DBBB-4FB3-A4AD-7B333772DC96}.Release|x86.Build.0 = Release|Any CPU
		{71A33F1D-EBF7-4A6E-A75D-FF32E6B69FD4}.Debug|Any CPU.ActiveCfg = Debug|Any CPU
		{71A33F1D-EBF7-4A6E-A75D-FF32E6B69FD4}.Debug|Any CPU.Build.0 = Debug|Any CPU
		{71A33F1D-EBF7-4A6E-A75D-FF32E6B69FD4}.Debug|x64.ActiveCfg = Debug|Any CPU
		{71A33F1D-EBF7-4A6E-A75D-FF32E6B69FD4}.Debug|x64.Build.0 = Debug|Any CPU
		{71A33F1D-EBF7-4A6E-A75D-FF32E6B69FD4}.Debug|x86.ActiveCfg = Debug|Any CPU
		{71A33F1D-EBF7-4A6E-A75D-FF32E6B69FD4}.Debug|x86.Build.0 = Debug|Any CPU
		{71A33F1D-EBF7-4A6E-A75D-FF32E6B69FD4}.Release|Any CPU.ActiveCfg = Release|Any CPU
		{71A33F1D-EBF7-4A6E-A75D-FF32E6B69FD4}.Release|Any CPU.Build.0 = Release|Any CPU
		{71A33F1D-EBF7-4A6E-A75D-FF32E6B69FD4}.Release|x64.ActiveCfg = Release|Any CPU
		{71A33F1D-EBF7-4A6E-A75D-FF32E6B69FD4}.Release|x64.Build.0 = Release|Any CPU
		{71A33F1D-EBF7-4A6E-A75D-FF32E6B69FD4}.Release|x86.ActiveCfg = Release|Any CPU
		{71A33F1D-EBF7-4A6E-A75D-FF32E6B69FD4}.Release|x86.Build.0 = Release|Any CPU
		{ECB3D5A9-953E-448C-87B4-ACA706B2C3E5}.Debug|Any CPU.ActiveCfg = Debug|Any CPU
		{ECB3D5A9-953E-448C-87B4-ACA706B2C3E5}.Debug|Any CPU.Build.0 = Debug|Any CPU
		{ECB3D5A9-953E-448C-87B4-ACA706B2C3E5}.Debug|x64.ActiveCfg = Debug|Any CPU
		{ECB3D5A9-953E-448C-87B4-ACA706B2C3E5}.Debug|x64.Build.0 = Debug|Any CPU
		{ECB3D5A9-953E-448C-87B4-ACA706B2C3E5}.Debug|x86.ActiveCfg = Debug|Any CPU
		{ECB3D5A9-953E-448C-87B4-ACA706B2C3E5}.Debug|x86.Build.0 = Debug|Any CPU
		{ECB3D5A9-953E-448C-87B4-ACA706B2C3E5}.Release|Any CPU.ActiveCfg = Release|Any CPU
		{ECB3D5A9-953E-448C-87B4-ACA706B2C3E5}.Release|Any CPU.Build.0 = Release|Any CPU
		{ECB3D5A9-953E-448C-87B4-ACA706B2C3E5}.Release|x64.ActiveCfg = Release|Any CPU
		{ECB3D5A9-953E-448C-87B4-ACA706B2C3E5}.Release|x64.Build.0 = Release|Any CPU
		{ECB3D5A9-953E-448C-87B4-ACA706B2C3E5}.Release|x86.ActiveCfg = Release|Any CPU
		{ECB3D5A9-953E-448C-87B4-ACA706B2C3E5}.Release|x86.Build.0 = Release|Any CPU
		{89ED83DD-C10B-4A3E-951C-C2678064558C}.Debug|Any CPU.ActiveCfg = Debug|Any CPU
		{89ED83DD-C10B-4A3E-951C-C2678064558C}.Debug|Any CPU.Build.0 = Debug|Any CPU
		{89ED83DD-C10B-4A3E-951C-C2678064558C}.Debug|x64.ActiveCfg = Debug|Any CPU
		{89ED83DD-C10B-4A3E-951C-C2678064558C}.Debug|x64.Build.0 = Debug|Any CPU
		{89ED83DD-C10B-4A3E-951C-C2678064558C}.Debug|x86.ActiveCfg = Debug|Any CPU
		{89ED83DD-C10B-4A3E-951C-C2678064558C}.Debug|x86.Build.0 = Debug|Any CPU
		{89ED83DD-C10B-4A3E-951C-C2678064558C}.Release|Any CPU.ActiveCfg = Release|Any CPU
		{89ED83DD-C10B-4A3E-951C-C2678064558C}.Release|Any CPU.Build.0 = Release|Any CPU
		{89ED83DD-C10B-4A3E-951C-C2678064558C}.Release|x64.ActiveCfg = Release|Any CPU
		{89ED83DD-C10B-4A3E-951C-C2678064558C}.Release|x64.Build.0 = Release|Any CPU
		{89ED83DD-C10B-4A3E-951C-C2678064558C}.Release|x86.ActiveCfg = Release|Any CPU
		{89ED83DD-C10B-4A3E-951C-C2678064558C}.Release|x86.Build.0 = Release|Any CPU
		{207B86CE-2FB0-4BD8-B938-D20561FCCD41}.Debug|Any CPU.ActiveCfg = Debug|Any CPU
		{207B86CE-2FB0-4BD8-B938-D20561FCCD41}.Debug|Any CPU.Build.0 = Debug|Any CPU
		{207B86CE-2FB0-4BD8-B938-D20561FCCD41}.Debug|x64.ActiveCfg = Debug|Any CPU
		{207B86CE-2FB0-4BD8-B938-D20561FCCD41}.Debug|x64.Build.0 = Debug|Any CPU
		{207B86CE-2FB0-4BD8-B938-D20561FCCD41}.Debug|x86.ActiveCfg = Debug|Any CPU
		{207B86CE-2FB0-4BD8-B938-D20561FCCD41}.Debug|x86.Build.0 = Debug|Any CPU
		{207B86CE-2FB0-4BD8-B938-D20561FCCD41}.Release|Any CPU.ActiveCfg = Release|Any CPU
		{207B86CE-2FB0-4BD8-B938-D20561FCCD41}.Release|Any CPU.Build.0 = Release|Any CPU
		{207B86CE-2FB0-4BD8-B938-D20561FCCD41}.Release|x64.ActiveCfg = Release|Any CPU
		{207B86CE-2FB0-4BD8-B938-D20561FCCD41}.Release|x64.Build.0 = Release|Any CPU
		{207B86CE-2FB0-4BD8-B938-D20561FCCD41}.Release|x86.ActiveCfg = Release|Any CPU
		{207B86CE-2FB0-4BD8-B938-D20561FCCD41}.Release|x86.Build.0 = Release|Any CPU
		{D2447B2D-6F52-4CAA-9AF9-2B76135C284D}.Debug|Any CPU.ActiveCfg = Debug|Any CPU
		{D2447B2D-6F52-4CAA-9AF9-2B76135C284D}.Debug|Any CPU.Build.0 = Debug|Any CPU
		{D2447B2D-6F52-4CAA-9AF9-2B76135C284D}.Debug|x64.ActiveCfg = Debug|Any CPU
		{D2447B2D-6F52-4CAA-9AF9-2B76135C284D}.Debug|x64.Build.0 = Debug|Any CPU
		{D2447B2D-6F52-4CAA-9AF9-2B76135C284D}.Debug|x86.ActiveCfg = Debug|Any CPU
		{D2447B2D-6F52-4CAA-9AF9-2B76135C284D}.Debug|x86.Build.0 = Debug|Any CPU
		{D2447B2D-6F52-4CAA-9AF9-2B76135C284D}.Release|Any CPU.ActiveCfg = Release|Any CPU
		{D2447B2D-6F52-4CAA-9AF9-2B76135C284D}.Release|Any CPU.Build.0 = Release|Any CPU
		{D2447B2D-6F52-4CAA-9AF9-2B76135C284D}.Release|x64.ActiveCfg = Release|Any CPU
		{D2447B2D-6F52-4CAA-9AF9-2B76135C284D}.Release|x64.Build.0 = Release|Any CPU
		{D2447B2D-6F52-4CAA-9AF9-2B76135C284D}.Release|x86.ActiveCfg = Release|Any CPU
		{D2447B2D-6F52-4CAA-9AF9-2B76135C284D}.Release|x86.Build.0 = Release|Any CPU
		{78B0FB7E-7E49-44FC-B446-82856082508F}.Debug|Any CPU.ActiveCfg = Debug|Any CPU
		{78B0FB7E-7E49-44FC-B446-82856082508F}.Debug|Any CPU.Build.0 = Debug|Any CPU
		{78B0FB7E-7E49-44FC-B446-82856082508F}.Debug|x64.ActiveCfg = Debug|Any CPU
		{78B0FB7E-7E49-44FC-B446-82856082508F}.Debug|x64.Build.0 = Debug|Any CPU
		{78B0FB7E-7E49-44FC-B446-82856082508F}.Debug|x86.ActiveCfg = Debug|Any CPU
		{78B0FB7E-7E49-44FC-B446-82856082508F}.Debug|x86.Build.0 = Debug|Any CPU
		{78B0FB7E-7E49-44FC-B446-82856082508F}.Release|Any CPU.ActiveCfg = Release|Any CPU
		{78B0FB7E-7E49-44FC-B446-82856082508F}.Release|Any CPU.Build.0 = Release|Any CPU
		{78B0FB7E-7E49-44FC-B446-82856082508F}.Release|x64.ActiveCfg = Release|Any CPU
		{78B0FB7E-7E49-44FC-B446-82856082508F}.Release|x64.Build.0 = Release|Any CPU
		{78B0FB7E-7E49-44FC-B446-82856082508F}.Release|x86.ActiveCfg = Release|Any CPU
		{78B0FB7E-7E49-44FC-B446-82856082508F}.Release|x86.Build.0 = Release|Any CPU
		{94819AA3-321F-485F-B506-9915A05B5C95}.Debug|Any CPU.ActiveCfg = Debug|Any CPU
		{94819AA3-321F-485F-B506-9915A05B5C95}.Debug|Any CPU.Build.0 = Debug|Any CPU
		{94819AA3-321F-485F-B506-9915A05B5C95}.Debug|x64.ActiveCfg = Debug|Any CPU
		{94819AA3-321F-485F-B506-9915A05B5C95}.Debug|x64.Build.0 = Debug|Any CPU
		{94819AA3-321F-485F-B506-9915A05B5C95}.Debug|x86.ActiveCfg = Debug|Any CPU
		{94819AA3-321F-485F-B506-9915A05B5C95}.Debug|x86.Build.0 = Debug|Any CPU
		{94819AA3-321F-485F-B506-9915A05B5C95}.Release|Any CPU.ActiveCfg = Release|Any CPU
		{94819AA3-321F-485F-B506-9915A05B5C95}.Release|Any CPU.Build.0 = Release|Any CPU
		{94819AA3-321F-485F-B506-9915A05B5C95}.Release|x64.ActiveCfg = Release|Any CPU
		{94819AA3-321F-485F-B506-9915A05B5C95}.Release|x64.Build.0 = Release|Any CPU
		{94819AA3-321F-485F-B506-9915A05B5C95}.Release|x86.ActiveCfg = Release|Any CPU
		{94819AA3-321F-485F-B506-9915A05B5C95}.Release|x86.Build.0 = Release|Any CPU
		{0B1B77C2-D08B-4E27-B21E-6DD375F1FE91}.Debug|Any CPU.ActiveCfg = Debug|Any CPU
		{0B1B77C2-D08B-4E27-B21E-6DD375F1FE91}.Debug|Any CPU.Build.0 = Debug|Any CPU
		{0B1B77C2-D08B-4E27-B21E-6DD375F1FE91}.Debug|x64.ActiveCfg = Debug|Any CPU
		{0B1B77C2-D08B-4E27-B21E-6DD375F1FE91}.Debug|x64.Build.0 = Debug|Any CPU
		{0B1B77C2-D08B-4E27-B21E-6DD375F1FE91}.Debug|x86.ActiveCfg = Debug|Any CPU
		{0B1B77C2-D08B-4E27-B21E-6DD375F1FE91}.Debug|x86.Build.0 = Debug|Any CPU
		{0B1B77C2-D08B-4E27-B21E-6DD375F1FE91}.Release|Any CPU.ActiveCfg = Release|Any CPU
		{0B1B77C2-D08B-4E27-B21E-6DD375F1FE91}.Release|Any CPU.Build.0 = Release|Any CPU
		{0B1B77C2-D08B-4E27-B21E-6DD375F1FE91}.Release|x64.ActiveCfg = Release|Any CPU
		{0B1B77C2-D08B-4E27-B21E-6DD375F1FE91}.Release|x64.Build.0 = Release|Any CPU
		{0B1B77C2-D08B-4E27-B21E-6DD375F1FE91}.Release|x86.ActiveCfg = Release|Any CPU
		{0B1B77C2-D08B-4E27-B21E-6DD375F1FE91}.Release|x86.Build.0 = Release|Any CPU
		{79C814C6-DEA6-4D59-8770-A6262F1DBC19}.Debug|Any CPU.ActiveCfg = Debug|Any CPU
		{79C814C6-DEA6-4D59-8770-A6262F1DBC19}.Debug|Any CPU.Build.0 = Debug|Any CPU
		{79C814C6-DEA6-4D59-8770-A6262F1DBC19}.Debug|x64.ActiveCfg = Debug|Any CPU
		{79C814C6-DEA6-4D59-8770-A6262F1DBC19}.Debug|x64.Build.0 = Debug|Any CPU
		{79C814C6-DEA6-4D59-8770-A6262F1DBC19}.Debug|x86.ActiveCfg = Debug|Any CPU
		{79C814C6-DEA6-4D59-8770-A6262F1DBC19}.Debug|x86.Build.0 = Debug|Any CPU
		{79C814C6-DEA6-4D59-8770-A6262F1DBC19}.Release|Any CPU.ActiveCfg = Release|Any CPU
		{79C814C6-DEA6-4D59-8770-A6262F1DBC19}.Release|Any CPU.Build.0 = Release|Any CPU
		{79C814C6-DEA6-4D59-8770-A6262F1DBC19}.Release|x64.ActiveCfg = Release|Any CPU
		{79C814C6-DEA6-4D59-8770-A6262F1DBC19}.Release|x64.Build.0 = Release|Any CPU
		{79C814C6-DEA6-4D59-8770-A6262F1DBC19}.Release|x86.ActiveCfg = Release|Any CPU
		{79C814C6-DEA6-4D59-8770-A6262F1DBC19}.Release|x86.Build.0 = Release|Any CPU
		{224C5331-3B4F-432C-B6A7-FFEB1DD33C03}.Debug|Any CPU.ActiveCfg = Debug|Any CPU
		{224C5331-3B4F-432C-B6A7-FFEB1DD33C03}.Debug|Any CPU.Build.0 = Debug|Any CPU
		{224C5331-3B4F-432C-B6A7-FFEB1DD33C03}.Debug|x64.ActiveCfg = Debug|Any CPU
		{224C5331-3B4F-432C-B6A7-FFEB1DD33C03}.Debug|x64.Build.0 = Debug|Any CPU
		{224C5331-3B4F-432C-B6A7-FFEB1DD33C03}.Debug|x86.ActiveCfg = Debug|Any CPU
		{224C5331-3B4F-432C-B6A7-FFEB1DD33C03}.Debug|x86.Build.0 = Debug|Any CPU
		{224C5331-3B4F-432C-B6A7-FFEB1DD33C03}.Release|Any CPU.ActiveCfg = Release|Any CPU
		{224C5331-3B4F-432C-B6A7-FFEB1DD33C03}.Release|Any CPU.Build.0 = Release|Any CPU
		{224C5331-3B4F-432C-B6A7-FFEB1DD33C03}.Release|x64.ActiveCfg = Release|Any CPU
		{224C5331-3B4F-432C-B6A7-FFEB1DD33C03}.Release|x64.Build.0 = Release|Any CPU
		{224C5331-3B4F-432C-B6A7-FFEB1DD33C03}.Release|x86.ActiveCfg = Release|Any CPU
		{224C5331-3B4F-432C-B6A7-FFEB1DD33C03}.Release|x86.Build.0 = Release|Any CPU
		{7A653CD1-B207-4072-9BEF-DDD6C96F80B7}.Debug|Any CPU.ActiveCfg = Debug|Any CPU
		{7A653CD1-B207-4072-9BEF-DDD6C96F80B7}.Debug|Any CPU.Build.0 = Debug|Any CPU
		{7A653CD1-B207-4072-9BEF-DDD6C96F80B7}.Debug|x64.ActiveCfg = Debug|Any CPU
		{7A653CD1-B207-4072-9BEF-DDD6C96F80B7}.Debug|x64.Build.0 = Debug|Any CPU
		{7A653CD1-B207-4072-9BEF-DDD6C96F80B7}.Debug|x86.ActiveCfg = Debug|Any CPU
		{7A653CD1-B207-4072-9BEF-DDD6C96F80B7}.Debug|x86.Build.0 = Debug|Any CPU
		{7A653CD1-B207-4072-9BEF-DDD6C96F80B7}.Release|Any CPU.ActiveCfg = Release|Any CPU
		{7A653CD1-B207-4072-9BEF-DDD6C96F80B7}.Release|Any CPU.Build.0 = Release|Any CPU
		{7A653CD1-B207-4072-9BEF-DDD6C96F80B7}.Release|x64.ActiveCfg = Release|Any CPU
		{7A653CD1-B207-4072-9BEF-DDD6C96F80B7}.Release|x64.Build.0 = Release|Any CPU
		{7A653CD1-B207-4072-9BEF-DDD6C96F80B7}.Release|x86.ActiveCfg = Release|Any CPU
		{7A653CD1-B207-4072-9BEF-DDD6C96F80B7}.Release|x86.Build.0 = Release|Any CPU
		{771F1CBA-4DC9-4FE6-A46E-5747C6187F08}.Debug|Any CPU.ActiveCfg = Debug|Any CPU
		{771F1CBA-4DC9-4FE6-A46E-5747C6187F08}.Debug|Any CPU.Build.0 = Debug|Any CPU
		{771F1CBA-4DC9-4FE6-A46E-5747C6187F08}.Debug|x64.ActiveCfg = Debug|Any CPU
		{771F1CBA-4DC9-4FE6-A46E-5747C6187F08}.Debug|x64.Build.0 = Debug|Any CPU
		{771F1CBA-4DC9-4FE6-A46E-5747C6187F08}.Debug|x86.ActiveCfg = Debug|Any CPU
		{771F1CBA-4DC9-4FE6-A46E-5747C6187F08}.Debug|x86.Build.0 = Debug|Any CPU
		{771F1CBA-4DC9-4FE6-A46E-5747C6187F08}.Release|Any CPU.ActiveCfg = Release|Any CPU
		{771F1CBA-4DC9-4FE6-A46E-5747C6187F08}.Release|Any CPU.Build.0 = Release|Any CPU
		{771F1CBA-4DC9-4FE6-A46E-5747C6187F08}.Release|x64.ActiveCfg = Release|Any CPU
		{771F1CBA-4DC9-4FE6-A46E-5747C6187F08}.Release|x64.Build.0 = Release|Any CPU
		{771F1CBA-4DC9-4FE6-A46E-5747C6187F08}.Release|x86.ActiveCfg = Release|Any CPU
		{771F1CBA-4DC9-4FE6-A46E-5747C6187F08}.Release|x86.Build.0 = Release|Any CPU
		{FD07284B-62EC-4331-BE91-CB6E43245D47}.Debug|Any CPU.ActiveCfg = Debug|Any CPU
		{FD07284B-62EC-4331-BE91-CB6E43245D47}.Debug|Any CPU.Build.0 = Debug|Any CPU
		{FD07284B-62EC-4331-BE91-CB6E43245D47}.Debug|x64.ActiveCfg = Debug|Any CPU
		{FD07284B-62EC-4331-BE91-CB6E43245D47}.Debug|x64.Build.0 = Debug|Any CPU
		{FD07284B-62EC-4331-BE91-CB6E43245D47}.Debug|x86.ActiveCfg = Debug|Any CPU
		{FD07284B-62EC-4331-BE91-CB6E43245D47}.Debug|x86.Build.0 = Debug|Any CPU
		{FD07284B-62EC-4331-BE91-CB6E43245D47}.Release|Any CPU.ActiveCfg = Release|Any CPU
		{FD07284B-62EC-4331-BE91-CB6E43245D47}.Release|Any CPU.Build.0 = Release|Any CPU
		{FD07284B-62EC-4331-BE91-CB6E43245D47}.Release|x64.ActiveCfg = Release|Any CPU
		{FD07284B-62EC-4331-BE91-CB6E43245D47}.Release|x64.Build.0 = Release|Any CPU
		{FD07284B-62EC-4331-BE91-CB6E43245D47}.Release|x86.ActiveCfg = Release|Any CPU
		{FD07284B-62EC-4331-BE91-CB6E43245D47}.Release|x86.Build.0 = Release|Any CPU
		{EAA52E26-96B4-4E5A-A6BF-A801EF2410EF}.Debug|Any CPU.ActiveCfg = Debug|Any CPU
		{EAA52E26-96B4-4E5A-A6BF-A801EF2410EF}.Debug|Any CPU.Build.0 = Debug|Any CPU
		{EAA52E26-96B4-4E5A-A6BF-A801EF2410EF}.Debug|x64.ActiveCfg = Debug|Any CPU
		{EAA52E26-96B4-4E5A-A6BF-A801EF2410EF}.Debug|x64.Build.0 = Debug|Any CPU
		{EAA52E26-96B4-4E5A-A6BF-A801EF2410EF}.Debug|x86.ActiveCfg = Debug|Any CPU
		{EAA52E26-96B4-4E5A-A6BF-A801EF2410EF}.Debug|x86.Build.0 = Debug|Any CPU
		{EAA52E26-96B4-4E5A-A6BF-A801EF2410EF}.Release|Any CPU.ActiveCfg = Release|Any CPU
		{EAA52E26-96B4-4E5A-A6BF-A801EF2410EF}.Release|Any CPU.Build.0 = Release|Any CPU
		{EAA52E26-96B4-4E5A-A6BF-A801EF2410EF}.Release|x64.ActiveCfg = Release|Any CPU
		{EAA52E26-96B4-4E5A-A6BF-A801EF2410EF}.Release|x64.Build.0 = Release|Any CPU
		{EAA52E26-96B4-4E5A-A6BF-A801EF2410EF}.Release|x86.ActiveCfg = Release|Any CPU
		{EAA52E26-96B4-4E5A-A6BF-A801EF2410EF}.Release|x86.Build.0 = Release|Any CPU
		{4616B616-C29C-4E07-92B2-981B5D315D7C}.Debug|Any CPU.ActiveCfg = Debug|Any CPU
		{4616B616-C29C-4E07-92B2-981B5D315D7C}.Debug|Any CPU.Build.0 = Debug|Any CPU
		{4616B616-C29C-4E07-92B2-981B5D315D7C}.Debug|x64.ActiveCfg = Debug|Any CPU
		{4616B616-C29C-4E07-92B2-981B5D315D7C}.Debug|x64.Build.0 = Debug|Any CPU
		{4616B616-C29C-4E07-92B2-981B5D315D7C}.Debug|x86.ActiveCfg = Debug|Any CPU
		{4616B616-C29C-4E07-92B2-981B5D315D7C}.Debug|x86.Build.0 = Debug|Any CPU
		{4616B616-C29C-4E07-92B2-981B5D315D7C}.Release|Any CPU.ActiveCfg = Release|Any CPU
		{4616B616-C29C-4E07-92B2-981B5D315D7C}.Release|Any CPU.Build.0 = Release|Any CPU
		{4616B616-C29C-4E07-92B2-981B5D315D7C}.Release|x64.ActiveCfg = Release|Any CPU
		{4616B616-C29C-4E07-92B2-981B5D315D7C}.Release|x64.Build.0 = Release|Any CPU
		{4616B616-C29C-4E07-92B2-981B5D315D7C}.Release|x86.ActiveCfg = Release|Any CPU
		{4616B616-C29C-4E07-92B2-981B5D315D7C}.Release|x86.Build.0 = Release|Any CPU
		{0ED3B1AA-A888-4832-AC6D-576890AAFFF2}.Debug|Any CPU.ActiveCfg = Debug|Any CPU
		{0ED3B1AA-A888-4832-AC6D-576890AAFFF2}.Debug|Any CPU.Build.0 = Debug|Any CPU
		{0ED3B1AA-A888-4832-AC6D-576890AAFFF2}.Debug|x64.ActiveCfg = Debug|Any CPU
		{0ED3B1AA-A888-4832-AC6D-576890AAFFF2}.Debug|x64.Build.0 = Debug|Any CPU
		{0ED3B1AA-A888-4832-AC6D-576890AAFFF2}.Debug|x86.ActiveCfg = Debug|Any CPU
		{0ED3B1AA-A888-4832-AC6D-576890AAFFF2}.Debug|x86.Build.0 = Debug|Any CPU
		{0ED3B1AA-A888-4832-AC6D-576890AAFFF2}.Release|Any CPU.ActiveCfg = Release|Any CPU
		{0ED3B1AA-A888-4832-AC6D-576890AAFFF2}.Release|Any CPU.Build.0 = Release|Any CPU
		{0ED3B1AA-A888-4832-AC6D-576890AAFFF2}.Release|x64.ActiveCfg = Release|Any CPU
		{0ED3B1AA-A888-4832-AC6D-576890AAFFF2}.Release|x64.Build.0 = Release|Any CPU
		{0ED3B1AA-A888-4832-AC6D-576890AAFFF2}.Release|x86.ActiveCfg = Release|Any CPU
		{0ED3B1AA-A888-4832-AC6D-576890AAFFF2}.Release|x86.Build.0 = Release|Any CPU
		{E1ECE1E3-52BB-48CC-BA8B-6C3B8EB77810}.Debug|Any CPU.ActiveCfg = Debug|Any CPU
		{E1ECE1E3-52BB-48CC-BA8B-6C3B8EB77810}.Debug|Any CPU.Build.0 = Debug|Any CPU
		{E1ECE1E3-52BB-48CC-BA8B-6C3B8EB77810}.Debug|x64.ActiveCfg = Debug|Any CPU
		{E1ECE1E3-52BB-48CC-BA8B-6C3B8EB77810}.Debug|x64.Build.0 = Debug|Any CPU
		{E1ECE1E3-52BB-48CC-BA8B-6C3B8EB77810}.Debug|x86.ActiveCfg = Debug|Any CPU
		{E1ECE1E3-52BB-48CC-BA8B-6C3B8EB77810}.Debug|x86.Build.0 = Debug|Any CPU
		{E1ECE1E3-52BB-48CC-BA8B-6C3B8EB77810}.Release|Any CPU.ActiveCfg = Release|Any CPU
		{E1ECE1E3-52BB-48CC-BA8B-6C3B8EB77810}.Release|Any CPU.Build.0 = Release|Any CPU
		{E1ECE1E3-52BB-48CC-BA8B-6C3B8EB77810}.Release|x64.ActiveCfg = Release|Any CPU
		{E1ECE1E3-52BB-48CC-BA8B-6C3B8EB77810}.Release|x64.Build.0 = Release|Any CPU
		{E1ECE1E3-52BB-48CC-BA8B-6C3B8EB77810}.Release|x86.ActiveCfg = Release|Any CPU
		{E1ECE1E3-52BB-48CC-BA8B-6C3B8EB77810}.Release|x86.Build.0 = Release|Any CPU
		{1404F6A1-AA6D-4543-93E9-5FBFB3DF15EF}.Debug|Any CPU.ActiveCfg = Debug|Any CPU
		{1404F6A1-AA6D-4543-93E9-5FBFB3DF15EF}.Debug|Any CPU.Build.0 = Debug|Any CPU
		{1404F6A1-AA6D-4543-93E9-5FBFB3DF15EF}.Debug|x64.ActiveCfg = Debug|Any CPU
		{1404F6A1-AA6D-4543-93E9-5FBFB3DF15EF}.Debug|x64.Build.0 = Debug|Any CPU
		{1404F6A1-AA6D-4543-93E9-5FBFB3DF15EF}.Debug|x86.ActiveCfg = Debug|Any CPU
		{1404F6A1-AA6D-4543-93E9-5FBFB3DF15EF}.Debug|x86.Build.0 = Debug|Any CPU
		{1404F6A1-AA6D-4543-93E9-5FBFB3DF15EF}.Release|Any CPU.ActiveCfg = Release|Any CPU
		{1404F6A1-AA6D-4543-93E9-5FBFB3DF15EF}.Release|Any CPU.Build.0 = Release|Any CPU
		{1404F6A1-AA6D-4543-93E9-5FBFB3DF15EF}.Release|x64.ActiveCfg = Release|Any CPU
		{1404F6A1-AA6D-4543-93E9-5FBFB3DF15EF}.Release|x64.Build.0 = Release|Any CPU
		{1404F6A1-AA6D-4543-93E9-5FBFB3DF15EF}.Release|x86.ActiveCfg = Release|Any CPU
		{1404F6A1-AA6D-4543-93E9-5FBFB3DF15EF}.Release|x86.Build.0 = Release|Any CPU
	EndGlobalSection
	GlobalSection(SolutionProperties) = preSolution
		HideSolutionNode = FALSE
	EndGlobalSection
	GlobalSection(NestedProjects) = preSolution
		{378295AF-C144-6721-7CFF-8DE6E58ED8C7} = {5854FF58-B8C5-05C6-5BF2-ACE42193F22B}
		{EF4AB26D-91AB-47E5-B43B-DC6FD23B0912} = {378295AF-C144-6721-7CFF-8DE6E58ED8C7}
		{8062C0ED-1D59-45CB-BC6B-773F0B2B0DCC} = {378295AF-C144-6721-7CFF-8DE6E58ED8C7}
		{AE773958-DA12-4715-8CF8-33FC717E1EE5} = {378295AF-C144-6721-7CFF-8DE6E58ED8C7}
		{63CBA00E-947F-4995-A183-96FC339A55B3} = {378295AF-C144-6721-7CFF-8DE6E58ED8C7}
		{313018D2-E0B1-49AA-B5A0-9DB9E1240C98} = {378295AF-C144-6721-7CFF-8DE6E58ED8C7}
		{BB9B0570-D764-F740-A1C1-3444BA1D5022} = {5854FF58-B8C5-05C6-5BF2-ACE42193F22B}
		{1B422F8A-BC11-459D-A41B-06EF30DC3C3B} = {BB9B0570-D764-F740-A1C1-3444BA1D5022}
		{C49490A9-2A36-4AAA-9EB9-DE37AEF20904} = {BB9B0570-D764-F740-A1C1-3444BA1D5022}
		{C36D07B1-DBBB-4FB3-A4AD-7B333772DC96} = {BB9B0570-D764-F740-A1C1-3444BA1D5022}
		{71A33F1D-EBF7-4A6E-A75D-FF32E6B69FD4} = {BB9B0570-D764-F740-A1C1-3444BA1D5022}
		{60F3A24C-1964-9E22-FBE5-30472BDC8BB4} = {5854FF58-B8C5-05C6-5BF2-ACE42193F22B}
		{ECB3D5A9-953E-448C-87B4-ACA706B2C3E5} = {60F3A24C-1964-9E22-FBE5-30472BDC8BB4}
		{89ED83DD-C10B-4A3E-951C-C2678064558C} = {60F3A24C-1964-9E22-FBE5-30472BDC8BB4}
		{207B86CE-2FB0-4BD8-B938-D20561FCCD41} = {60F3A24C-1964-9E22-FBE5-30472BDC8BB4}
		{D2447B2D-6F52-4CAA-9AF9-2B76135C284D} = {60F3A24C-1964-9E22-FBE5-30472BDC8BB4}
		{5C37E109-0B4B-E59A-55D0-27859AFCD454} = {5854FF58-B8C5-05C6-5BF2-ACE42193F22B}
		{78B0FB7E-7E49-44FC-B446-82856082508F} = {5C37E109-0B4B-E59A-55D0-27859AFCD454}
		{94819AA3-321F-485F-B506-9915A05B5C95} = {5C37E109-0B4B-E59A-55D0-27859AFCD454}
		{0B1B77C2-D08B-4E27-B21E-6DD375F1FE91} = {5C37E109-0B4B-E59A-55D0-27859AFCD454}
		{79C814C6-DEA6-4D59-8770-A6262F1DBC19} = {5C37E109-0B4B-E59A-55D0-27859AFCD454}
		{224C5331-3B4F-432C-B6A7-FFEB1DD33C03} = {5C37E109-0B4B-E59A-55D0-27859AFCD454}
		{86463D81-A3EF-7F81-4F12-09EB405CE9B8} = {5854FF58-B8C5-05C6-5BF2-ACE42193F22B}
		{7A653CD1-B207-4072-9BEF-DDD6C96F80B7} = {86463D81-A3EF-7F81-4F12-09EB405CE9B8}
		{771F1CBA-4DC9-4FE6-A46E-5747C6187F08} = {86463D81-A3EF-7F81-4F12-09EB405CE9B8}
		{FD07284B-62EC-4331-BE91-CB6E43245D47} = {86463D81-A3EF-7F81-4F12-09EB405CE9B8}
		{EAA52E26-96B4-4E5A-A6BF-A801EF2410EF} = {4F52FD11-658E-A102-6CD3-7D7C16FFA15B}
		{4616B616-C29C-4E07-92B2-981B5D315D7C} = {E7BDDBC6-9FD1-D1D7-ACD8-2C4F8E3D2461}
		{0ED3B1AA-A888-4832-AC6D-576890AAFFF2} = {60F3A24C-1964-9E22-FBE5-30472BDC8BB4}
		{E1ECE1E3-52BB-48CC-BA8B-6C3B8EB77810} = {60F3A24C-1964-9E22-FBE5-30472BDC8BB4}
		{1404F6A1-AA6D-4543-93E9-5FBFB3DF15EF} = {60F3A24C-1964-9E22-FBE5-30472BDC8BB4}
	EndGlobalSection
EndGlobal
